
Microsoft Visual Studio Solution File, Format Version 12.00
# Visual Studio 14
VisualStudioVersion = 14.0.23107.0
MinimumVisualStudioVersion = 10.0.40219.1
Project("{FAE04EC0-301F-11D3-BF4B-00C04F79EFBC}") = "Autocomplete_Widget", "Autocomplete_Widget\Autocomplete_Widget.csproj", "{CECAFCDB-F194-48D2-9D99-AED79094A9DC}"
EndProject
Global
	GlobalSection(SolutionConfigurationPlatforms) = preSolution
		Debug|Any CPU = Debug|Any CPU
		Release|Any CPU = Release|Any CPU
	EndGlobalSection
	GlobalSection(ProjectConfigurationPlatforms) = postSolution
		{CECAFCDB-F194-48D2-9D99-AED79094A9DC}.Debug|Any CPU.ActiveCfg = Debug|Any CPU
		{CECAFCDB-F194-48D2-9D99-AED79094A9DC}.Debug|Any CPU.Build.0 = Debug|Any CPU
		{CECAFCDB-F194-48D2-9D99-AED79094A9DC}.Release|Any CPU.ActiveCfg = Release|Any CPU
		{CECAFCDB-F194-48D2-9D99-AED79094A9DC}.Release|Any CPU.Build.0 = Release|Any CPU
	EndGlobalSection
	GlobalSection(SolutionProperties) = preSolution
		HideSolutionNode = FALSE
	EndGlobalSection
EndGlobal
